
Microsoft Visual Studio Solution File, Format Version 12.00
# Visual Studio Version 16
VisualStudioVersion = 16.0.29905.134
MinimumVisualStudioVersion = 10.0.40219.1
Project("{FAE04EC0-301F-11D3-BF4B-00C04F79EFBC}") = "speedtest-dotnetcore", "speedtest-dotnetcore\speedtest-dotnetcore.csproj", "{C1CDD658-7D53-4FB6-9C87-6B90D14DC682}"
EndProject
Global
	GlobalSection(SolutionConfigurationPlatforms) = preSolution
		Debug|Any CPU = Debug|Any CPU
		Release|Any CPU = Release|Any CPU
	EndGlobalSection
	GlobalSection(ProjectConfigurationPlatforms) = postSolution
		{C1CDD658-7D53-4FB6-9C87-6B90D14DC682}.Debug|Any CPU.ActiveCfg = Debug|Any CPU
		{C1CDD658-7D53-4FB6-9C87-6B90D14DC682}.Debug|Any CPU.Build.0 = Debug|Any CPU
		{C1CDD658-7D53-4FB6-9C87-6B90D14DC682}.Release|Any CPU.ActiveCfg = Release|Any CPU
		{C1CDD658-7D53-4FB6-9C87-6B90D14DC682}.Release|Any CPU.Build.0 = Release|Any CPU
	EndGlobalSection
	GlobalSection(SolutionProperties) = preSolution
		HideSolutionNode = FALSE
	EndGlobalSection
	GlobalSection(ExtensibilityGlobals) = postSolution
		SolutionGuid = {FAE7CC62-6C2C-4C7A-BB49-E369B59AA17D}
	EndGlobalSection
EndGlobal
